
Microsoft Visual Studio Solution File, Format Version 12.00
# Visual Studio Version 17
VisualStudioVersion = 17.0.31903.59
MinimumVisualStudioVersion = 10.0.40219.1
Project("{FAE04EC0-301F-11D3-BF4B-00C04F79EFBC}") = "WexCorporatePayments.Domain", "WexCorporatePayments.Domain\WexCorporatePayments.Domain.csproj", "{FDCBC8B2-5AC9-4515-81DD-30C4E3F418AE}"
EndProject
Project("{FAE04EC0-301F-11D3-BF4B-00C04F79EFBC}") = "WexCorporatePayments.Application", "WexCorporatePayments.Application\WexCorporatePayments.Application.csproj", "{8CE4A133-D5C7-416A-B7F6-1D5DB0B26449}"
EndProject
Project("{FAE04EC0-301F-11D3-BF4B-00C04F79EFBC}") = "WexCorporatePayments.Infrastructure", "WexCorporatePayments.Infrastructure\WexCorporatePayments.Infrastructure.csproj", "{98EF8C8A-0FD6-4F1C-9C5F-A5418F77F847}"
EndProject
Project("{FAE04EC0-301F-11D3-BF4B-00C04F79EFBC}") = "WexCorporatePayments.Api", "WexCorporatePayments.Api\WexCorporatePayments.Api.csproj", "{BC8AA2AD-0337-403A-BED1-E2BB32F857FC}"
EndProject
Project("{FAE04EC0-301F-11D3-BF4B-00C04F79EFBC}") = "WexCorporatePayments.Tests", "WexCorporatePayments.Tests\WexCorporatePayments.Tests.csproj", "{9DADB730-E466-41B2-A1D8-2227A44BABB4}"
EndProject
Global
	GlobalSection(SolutionConfigurationPlatforms) = preSolution
		Debug|Any CPU = Debug|Any CPU
		Debug|x64 = Debug|x64
		Debug|x86 = Debug|x86
		Release|Any CPU = Release|Any CPU
		Release|x64 = Release|x64
		Release|x86 = Release|x86
	EndGlobalSection
	GlobalSection(ProjectConfigurationPlatforms) = postSolution
		{FDCBC8B2-5AC9-4515-81DD-30C4E3F418AE}.Debug|Any CPU.ActiveCfg = Debug|Any CPU
		{FDCBC8B2-5AC9-4515-81DD-30C4E3F418AE}.Debug|Any CPU.Build.0 = Debug|Any CPU
		{FDCBC8B2-5AC9-4515-81DD-30C4E3F418AE}.Debug|x64.ActiveCfg = Debug|Any CPU
		{FDCBC8B2-5AC9-4515-81DD-30C4E3F418AE}.Debug|x64.Build.0 = Debug|Any CPU
		{FDCBC8B2-5AC9-4515-81DD-30C4E3F418AE}.Debug|x86.ActiveCfg = Debug|Any CPU
		{FDCBC8B2-5AC9-4515-81DD-30C4E3F418AE}.Debug|x86.Build.0 = Debug|Any CPU
		{FDCBC8B2-5AC9-4515-81DD-30C4E3F418AE}.Release|Any CPU.ActiveCfg = Release|Any CPU
		{FDCBC8B2-5AC9-4515-81DD-30C4E3F418AE}.Release|Any CPU.Build.0 = Release|Any CPU
		{FDCBC8B2-5AC9-4515-81DD-30C4E3F418AE}.Release|x64.ActiveCfg = Release|Any CPU
		{FDCBC8B2-5AC9-4515-81DD-30C4E3F418AE}.Release|x64.Build.0 = Release|Any CPU
		{FDCBC8B2-5AC9-4515-81DD-30C4E3F418AE}.Release|x86.ActiveCfg = Release|Any CPU
		{FDCBC8B2-5AC9-4515-81DD-30C4E3F418AE}.Release|x86.Build.0 = Release|Any CPU
		{8CE4A133-D5C7-416A-B7F6-1D5DB0B26449}.Debug|Any CPU.ActiveCfg = Debug|Any CPU
		{8CE4A133-D5C7-416A-B7F6-1D5DB0B26449}.Debug|Any CPU.Build.0 = Debug|Any CPU
		{8CE4A133-D5C7-416A-B7F6-1D5DB0B26449}.Debug|x64.ActiveCfg = Debug|Any CPU
		{8CE4A133-D5C7-416A-B7F6-1D5DB0B26449}.Debug|x64.Build.0 = Debug|Any CPU
		{8CE4A133-D5C7-416A-B7F6-1D5DB0B26449}.Debug|x86.ActiveCfg = Debug|Any CPU
		{8CE4A133-D5C7-416A-B7F6-1D5DB0B26449}.Debug|x86.Build.0 = Debug|Any CPU
		{8CE4A133-D5C7-416A-B7F6-1D5DB0B26449}.Release|Any CPU.ActiveCfg = Release|Any CPU
		{8CE4A133-D5C7-416A-B7F6-1D5DB0B26449}.Release|Any CPU.Build.0 = Release|Any CPU
		{8CE4A133-D5C7-416A-B7F6-1D5DB0B26449}.Release|x64.ActiveCfg = Release|Any CPU
		{8CE4A133-D5C7-416A-B7F6-1D5DB0B26449}.Release|x64.Build.0 = Release|Any CPU
		{8CE4A133-D5C7-416A-B7F6-1D5DB0B26449}.Release|x86.ActiveCfg = Release|Any CPU
		{8CE4A133-D5C7-416A-B7F6-1D5DB0B26449}.Release|x86.Build.0 = Release|Any CPU
		{98EF8C8A-0FD6-4F1C-9C5F-A5418F77F847}.Debug|Any CPU.ActiveCfg = Debug|Any CPU
		{98EF8C8A-0FD6-4F1C-9C5F-A5418F77F847}.Debug|Any CPU.Build.0 = Debug|Any CPU
		{98EF8C8A-0FD6-4F1C-9C5F-A5418F77F847}.Debug|x64.ActiveCfg = Debug|Any CPU
		{98EF8C8A-0FD6-4F1C-9C5F-A5418F77F847}.Debug|x64.Build.0 = Debug|Any CPU
		{98EF8C8A-0FD6-4F1C-9C5F-A5418F77F847}.Debug|x86.ActiveCfg = Debug|Any CPU
		{98EF8C8A-0FD6-4F1C-9C5F-A5418F77F847}.Debug|x86.Build.0 = Debug|Any CPU
		{98EF8C8A-0FD6-4F1C-9C5F-A5418F77F847}.Release|Any CPU.ActiveCfg = Release|Any CPU
		{98EF8C8A-0FD6-4F1C-9C5F-A5418F77F847}.Release|Any CPU.Build.0 = Release|Any CPU
		{98EF8C8A-0FD6-4F1C-9C5F-A5418F77F847}.Release|x64.ActiveCfg = Release|Any CPU
		{98EF8C8A-0FD6-4F1C-9C5F-A5418F77F847}.Release|x64.Build.0 = Release|Any CPU
		{98EF8C8A-0FD6-4F1C-9C5F-A5418F77F847}.Release|x86.ActiveCfg = Release|Any CPU
		{98EF8C8A-0FD6-4F1C-9C5F-A5418F77F847}.Release|x86.Build.0 = Release|Any CPU
		{BC8AA2AD-0337-403A-BED1-E2BB32F857FC}.Debug|Any CPU.ActiveCfg = Debug|Any CPU
		{BC8AA2AD-0337-403A-BED1-E2BB32F857FC}.Debug|Any CPU.Build.0 = Debug|Any CPU
		{BC8AA2AD-0337-403A-BED1-E2BB32F857FC}.Debug|x64.ActiveCfg = Debug|Any CPU
		{BC8AA2AD-0337-403A-BED1-E2BB32F857FC}.Debug|x64.Build.0 = Debug|Any CPU
		{BC8AA2AD-0337-403A-BED1-E2BB32F857FC}.Debug|x86.ActiveCfg = Debug|Any CPU
		{BC8AA2AD-0337-403A-BED1-E2BB32F857FC}.Debug|x86.Build.0 = Debug|Any CPU
		{BC8AA2AD-0337-403A-BED1-E2BB32F857FC}.Release|Any CPU.ActiveCfg = Release|Any CPU
		{BC8AA2AD-0337-403A-BED1-E2BB32F857FC}.Release|Any CPU.Build.0 = Release|Any CPU
		{BC8AA2AD-0337-403A-BED1-E2BB32F857FC}.Release|x64.ActiveCfg = Release|Any CPU
		{BC8AA2AD-0337-403A-BED1-E2BB32F857FC}.Release|x64.Build.0 = Release|Any CPU
		{BC8AA2AD-0337-403A-BED1-E2BB32F857FC}.Release|x86.ActiveCfg = Release|Any CPU
		{BC8AA2AD-0337-403A-BED1-E2BB32F857FC}.Release|x86.Build.0 = Release|Any CPU
		{9DADB730-E466-41B2-A1D8-2227A44BABB4}.Debug|Any CPU.ActiveCfg = Debug|Any CPU
		{9DADB730-E466-41B2-A1D8-2227A44BABB4}.Debug|Any CPU.Build.0 = Debug|Any CPU
		{9DADB730-E466-41B2-A1D8-2227A44BABB4}.Debug|x64.ActiveCfg = Debug|Any CPU
		{9DADB730-E466-41B2-A1D8-2227A44BABB4}.Debug|x64.Build.0 = Debug|Any CPU
		{9DADB730-E466-41B2-A1D8-2227A44BABB4}.Debug|x86.ActiveCfg = Debug|Any CPU
		{9DADB730-E466-41B2-A1D8-2227A44BABB4}.Debug|x86.Build.0 = Debug|Any CPU
		{9DADB730-E466-41B2-A1D8-2227A44BABB4}.Release|Any CPU.ActiveCfg = Release|Any CPU
		{9DADB730-E466-41B2-A1D8-2227A44BABB4}.Release|Any CPU.Build.0 = Release|Any CPU
		{9DADB730-E466-41B2-A1D8-2227A44BABB4}.Release|x64.ActiveCfg = Release|Any CPU
		{9DADB730-E466-41B2-A1D8-2227A44BABB4}.Release|x64.Build.0 = Release|Any CPU
		{9DADB730-E466-41B2-A1D8-2227A44BABB4}.Release|x86.ActiveCfg = Release|Any CPU
		{9DADB730-E466-41B2-A1D8-2227A44BABB4}.Release|x86.Build.0 = Release|Any CPU
	EndGlobalSection
	GlobalSection(SolutionProperties) = preSolution
		HideSolutionNode = FALSE
	EndGlobalSection
EndGlobal
